
Microsoft Visual Studio Solution File, Format Version 12.00
# Visual Studio Version 16
VisualStudioVersion = 16.0.32126.315
MinimumVisualStudioVersion = 10.0.40219.1
Project("{F184B08F-C81C-45F6-A57F-5ABD9991F28F}") = "Projet de Café", "Projet de Café\Projet de Café.vbproj", "{63D2F1B5-B4B3-4666-9086-693DEA40523C}"
EndProject
Global
	GlobalSection(SolutionConfigurationPlatforms) = preSolution
		Debug|Any CPU = Debug|Any CPU
		Release|Any CPU = Release|Any CPU
	EndGlobalSection
	GlobalSection(ProjectConfigurationPlatforms) = postSolution
		{63D2F1B5-B4B3-4666-9086-693DEA40523C}.Debug|Any CPU.ActiveCfg = Debug|Any CPU
		{63D2F1B5-B4B3-4666-9086-693DEA40523C}.Debug|Any CPU.Build.0 = Debug|Any CPU
		{63D2F1B5-B4B3-4666-9086-693DEA40523C}.Release|Any CPU.ActiveCfg = Release|Any CPU
		{63D2F1B5-B4B3-4666-9086-693DEA40523C}.Release|Any CPU.Build.0 = Release|Any CPU
	EndGlobalSection
	GlobalSection(SolutionProperties) = preSolution
		HideSolutionNode = FALSE
	EndGlobalSection
	GlobalSection(ExtensibilityGlobals) = postSolution
		SolutionGuid = {2AFC77D0-E635-4AC4-8EDA-B746BC8B918D}
	EndGlobalSection
EndGlobal
